
Microsoft Visual Studio Solution File, Format Version 12.00
# Visual Studio Version 16
VisualStudioVersion = 16.0.37530.7
MinimumVisualStudioVersion = 10.0.40219.1
Project("{FAE04EC0-301F-11D3-BF4B-00C04F79EFBC}") = "ProgramMenuSederhana", "ProgramMenuSederhana\ProgramMenuSederhana.csproj", "{041C4968-548F-46D1-9A7A-BB506998F687}"
EndProject
Global
	GlobalSection(SolutionConfigurationPlatforms) = preSolution
		Debug|Any CPU = Debug|Any CPU
		Release|Any CPU = Release|Any CPU
	EndGlobalSection
	GlobalSection(ProjectConfigurationPlatforms) = postSolution
		{041C4968-548F-46D1-9A7A-BB506998F687}.Debug|Any CPU.ActiveCfg = Debug|Any CPU
		{041C4968-548F-46D1-9A7A-BB506998F687}.Debug|Any CPU.Build.0 = Debug|Any CPU
		{041C4968-548F-46D1-9A7A-BB506998F687}.Release|Any CPU.ActiveCfg = Release|Any CPU
		{041C4968-548F-46D1-9A7A-BB506998F687}.Release|Any CPU.Build.0 = Release|Any CPU
	EndGlobalSection
	GlobalSection(SolutionProperties) = preSolution
		HideSolutionNode = FALSE
	EndGlobalSection
	GlobalSection(ExtensibilityGlobals) = postSolution
		SolutionGuid = {E1A76B03-416C-42AA-9013-CF9930494B69}
	EndGlobalSection
EndGlobal
