
Microsoft Visual Studio Solution File, Format Version 12.00
# Visual Studio Version 16
VisualStudioVersion = 16.0.37530.7
MinimumVisualStudioVersion = 10.0.40219.1
Project("{FAE04EC0-301F-11D3-BF4B-00C04F79EFBC}") = "BilanganGanjilGenap", "BilanganGanjilGenap\BilanganGanjilGenap.csproj", "{1AF90795-997D-4A31-AF47-9A4499EA7EF9}"
EndProject
Global
	GlobalSection(SolutionConfigurationPlatforms) = preSolution
		Debug|Any CPU = Debug|Any CPU
		Release|Any CPU = Release|Any CPU
	EndGlobalSection
	GlobalSection(ProjectConfigurationPlatforms) = postSolution
		{1AF90795-997D-4A31-AF47-9A4499EA7EF9}.Debug|Any CPU.ActiveCfg = Debug|Any CPU
		{1AF90795-997D-4A31-AF47-9A4499EA7EF9}.Debug|Any CPU.Build.0 = Debug|Any CPU
		{1AF90795-997D-4A31-AF47-9A4499EA7EF9}.Release|Any CPU.ActiveCfg = Release|Any CPU
		{1AF90795-997D-4A31-AF47-9A4499EA7EF9}.Release|Any CPU.Build.0 = Release|Any CPU
	EndGlobalSection
	GlobalSection(SolutionProperties) = preSolution
		HideSolutionNode = FALSE
	EndGlobalSection
	GlobalSection(ExtensibilityGlobals) = postSolution
		SolutionGuid = {C04EEE97-036D-4DEE-9D7D-EBD8547ADBB1}
	EndGlobalSection
EndGlobal
