
Microsoft Visual Studio Solution File, Format Version 12.00
# Visual Studio Version 16
VisualStudioVersion = 16.0.37530.7
MinimumVisualStudioVersion = 10.0.40219.1
Project("{FAE04EC0-301F-11D3-BF4B-00C04F79EFBC}") = "DiskonBerdasarkanTotalBelanja", "DiskonBerdasarkanTotalBelanja\DiskonBerdasarkanTotalBelanja.csproj", "{6C107B45-E9A4-49A6-B10A-B5F1DF979176}"
EndProject
Global
	GlobalSection(SolutionConfigurationPlatforms) = preSolution
		Debug|Any CPU = Debug|Any CPU
		Release|Any CPU = Release|Any CPU
	EndGlobalSection
	GlobalSection(ProjectConfigurationPlatforms) = postSolution
		{6C107B45-E9A4-49A6-B10A-B5F1DF979176}.Debug|Any CPU.ActiveCfg = Debug|Any CPU
		{6C107B45-E9A4-49A6-B10A-B5F1DF979176}.Debug|Any CPU.Build.0 = Debug|Any CPU
		{6C107B45-E9A4-49A6-B10A-B5F1DF979176}.Release|Any CPU.ActiveCfg = Release|Any CPU
		{6C107B45-E9A4-49A6-B10A-B5F1DF979176}.Release|Any CPU.Build.0 = Release|Any CPU
	EndGlobalSection
	GlobalSection(SolutionProperties) = preSolution
		HideSolutionNode = FALSE
	EndGlobalSection
	GlobalSection(ExtensibilityGlobals) = postSolution
		SolutionGuid = {496AD42F-C28E-445B-B952-285BD8D2018F}
	EndGlobalSection
EndGlobal
